
Microsoft Visual Studio Solution File, Format Version 12.00
# Visual Studio Version 17
VisualStudioVersion = 17.5.33502.453
MinimumVisualStudioVersion = 10.0.40219.1
Project("{FAE04EC0-301F-11D3-BF4B-00C04F79EFBC}") = "TotalCommander", "TotalCommander\TotalCommander.csproj", "{2050B68F-7424-4248-A125-FB00B475C4F2}"
EndProject
Global
	GlobalSection(SolutionConfigurationPlatforms) = preSolution
		Debug|Any CPU = Debug|Any CPU
		Release|Any CPU = Release|Any CPU
	EndGlobalSection
	GlobalSection(ProjectConfigurationPlatforms) = postSolution
		{2050B68F-7424-4248-A125-FB00B475C4F2}.Debug|Any CPU.ActiveCfg = Debug|Any CPU
		{2050B68F-7424-4248-A125-FB00B475C4F2}.Debug|Any CPU.Build.0 = Debug|Any CPU
		{2050B68F-7424-4248-A125-FB00B475C4F2}.Release|Any CPU.ActiveCfg = Release|Any CPU
		{2050B68F-7424-4248-A125-FB00B475C4F2}.Release|Any CPU.Build.0 = Release|Any CPU
	EndGlobalSection
	GlobalSection(SolutionProperties) = preSolution
		HideSolutionNode = FALSE
	EndGlobalSection
	GlobalSection(ExtensibilityGlobals) = postSolution
		SolutionGuid = {56366470-E6CC-4343-8E07-EB0817BBCFDF}
	EndGlobalSection
EndGlobal
